// !$*UTF8*$!
{
	archiveVersion = 1;
	classes = {
	};
	objectVersion = 50;
	objects = {

/* Begin PBXBuildFile section */
		FAA1D03320D063DC00809130 /* AppDelegate.swift in Sources */ = {isa = PBXBuildFile; fileRef = FAA1D03220D063DC00809130 /* AppDelegate.swift */; };
		FAA1D03520D063DC00809130 /* art.scnassets in Resources */ = {isa = PBXBuildFile; fileRef = FAA1D03420D063DC00809130 /* art.scnassets */; };
		FAA1D03720D063DC00809130 /* ViewController.swift in Sources */ = {isa = PBXBuildFile; fileRef = FAA1D03620D063DC00809130 /* ViewController.swift */; };
		FAA1D03A20D063DC00809130 /* Main.storyboard in Resources */ = {isa = PBXBuildFile; fileRef = FAA1D03820D063DC00809130 /* Main.storyboard */; };
		FAA1D03C20D063DD00809130 /* Assets.xcassets in Resources */ = {isa = PBXBuildFile; fileRef = FAA1D03B20D063DD00809130 /* Assets.xcassets */; };
		FAA1D03F20D063DD00809130 /* LaunchScreen.storyboard in Resources */ = {isa = PBXBuildFile; fileRef = FAA1D03D20D063DD00809130 /* LaunchScreen.storyboard */; };
/* End PBXBuildFile section */

/* Begin PBXFileReference section */
		FAA1D02F20D063DC00809130 /* IOS-Swift-ARKitNew3DModels.app */ = {isa = PBXFileReference; explicitFileType = wrapper.application; includeInIndex = 0; path = "IOS-Swift-ARKitNew3DModels.app"; sourceTree = BUILT_PRODUCTS_DIR; };
		FAA1D03220D063DC00809130 /* AppDelegate.swift */ = {isa = PBXFileReference; lastKnownFileType = sourcecode.swift; path = AppDelegate.swift; sourceTree = "<group>"; };
		FAA1D03420D063DC00809130 /* art.scnassets */ = {isa = PBXFileReference; lastKnownFileType = wrapper.scnassets; path = art.scnassets; sourceTree = "<group>"; };
		FAA1D03620D063DC00809130 /* ViewController.swift */ = {isa = PBXFileReference; lastKnownFileType = sourcecode.swift; path = ViewController.swift; sourceTree = "<group>"; };
		FAA1D03920D063DC00809130 /* Base */ = {isa = PBXFileReference; lastKnownFileType = file.storyboard; name = Base; path = Base.lproj/Main.storyboard; sourceTree = "<group>"; };
		FAA1D03B20D063DD00809130 /* Assets.xcassets */ = {isa = PBXFileReference; lastKnownFileType = folder.assetcatalog; path = Assets.xcassets; sourceTree = "<group>"; };
		FAA1D03E20D063DD00809130 /* Base */ = {isa = PBXFileReference; lastKnownFileType = file.storyboard; name = Base; path = Base.lproj/LaunchScreen.storyboard; sourceTree = "<group>"; };
		FAA1D04020D063DD00809130 /* Info.plist */ = {isa = PBXFileReference; lastKnownFileType = text.plist.xml; path = Info.plist; sourceTree = "<group>"; };
/* End PBXFileReference section */

/* Begin PBXFrameworksBuildPhase section */
		FAA1D02C20D063DC00809130 /* Frameworks */ = {
			isa = PBXFrameworksBuildPhase;
			buildActionMask = 2147483647;
			files = (
			);
			runOnlyForDeploymentPostprocessing = 0;
		};
/* End PBXFrameworksBuildPhase section */

/* Begin PBXGroup section */
		FAA1D02620D063DC00809130 = {
			isa = PBXGroup;
			children = (
				FAA1D03120D063DC00809130 /* IOS-Swift-ARKitNew3DModels */,
				FAA1D03020D063DC00809130 /* Products */,
			);
			sourceTree = "<group>";
		};
		FAA1D03020D063DC00809130 /* Products */ = {
			isa = PBXGroup;
			children = (
				FAA1D02F20D063DC00809130 /* IOS-Swift-ARKitNew3DModels.app */,
			);
			name = Products;
			sourceTree = "<group>";
		};
		FAA1D03120D063DC00809130 /* IOS-Swift-ARKitNew3DModels */ = {
			isa = PBXGroup;
			children = (
				FAA1D03220D063DC00809130 /* AppDelegate.swift */,
				FAA1D03420D063DC00809130 /* art.scnassets */,
				FAA1D03620D063DC00809130 /* ViewController.swift */,
				FAA1D03820D063DC00809130 /* Main.storyboard */,
				FAA1D03B20D063DD00809130 /* Assets.xcassets */,
				FAA1D03D20D063DD00809130 /* LaunchScreen.storyboard */,
				FAA1D04020D063DD00809130 /* Info.plist */,
			);
			path = "IOS-Swift-ARKitNew3DModels";
			sourceTree = "<group>";
		};
/* End PBXGroup section */

/* Begin PBXNativeTarget section */
		FAA1D02E20D063DC00809130 /* IOS-Swift-ARKitNew3DModels */ = {
			isa = PBXNativeTarget;
			buildConfigurationList = FAA1D04320D063DD00809130 /* Build configuration list for PBXNativeTarget "IOS-Swift-ARKitNew3DModels" */;
			buildPhases = (
				FAA1D02B20D063DC00809130 /* Sources */,
				FAA1D02C20D063DC00809130 /* Frameworks */,
				FAA1D02D20D063DC00809130 /* Resources */,
			);
			buildRules = (
			);
			dependencies = (
			);
			name = "IOS-Swift-ARKitNew3DModels";
			productName = "IOS-Swift-ARKitNew3DModels";
			productReference = FAA1D02F20D063DC00809130 /* IOS-Swift-ARKitNew3DModels.app */;
			productType = "com.apple.product-type.application";
		};
/* End PBXNativeTarget section */

/* Begin PBXProject section */
		FAA1D02720D063DC00809130 /* Project object */ = {
			isa = PBXProject;
			attributes = {
				LastSwiftUpdateCheck = 0940;
				LastUpgradeCheck = 0940;
				ORGANIZATIONNAME = Pooya;
				TargetAttributes = {
					FAA1D02E20D063DC00809130 = {
						CreatedOnToolsVersion = 9.4;
					};
				};
			};
			buildConfigurationList = FAA1D02A20D063DC00809130 /* Build configuration list for PBXProject "IOS-Swift-ARKitNew3DModels" */;
			compatibilityVersion = "Xcode 9.3";
			developmentRegion = en;
			hasScannedForEncodings = 0;
			knownRegions = (
				en,
				Base,
			);
			mainGroup = FAA1D02620D063DC00809130;
			productRefGroup = FAA1D03020D063DC00809130 /* Products */;
			projectDirPath = "";
			projectRoot = "";
			targets = (
				FAA1D02E20D063DC00809130 /* IOS-Swift-ARKitNew3DModels */,
			);
		};
/* End PBXProject section */

/* Begin PBXResourcesBuildPhase section */
		FAA1D02D20D063DC00809130 /* Resources */ = {
			isa = PBXResourcesBuildPhase;
			buildActionMask = 2147483647;
			files = (
				FAA1D03520D063DC00809130 /* art.scnassets in Resources */,
				FAA1D03F20D063DD00809130 /* LaunchScreen.storyboard in Resources */,
				FAA1D03C20D063DD00809130 /* Assets.xcassets in Resources */,
				FAA1D03A20D063DC00809130 /* Main.storyboard in Resources */,
			);
			runOnlyForDeploymentPostprocessing = 0;
		};
/* End PBXResourcesBuildPhase section */

/* Begin PBXSourcesBuildPhase section */
		FAA1D02B20D063DC00809130 /* Sources */ = {
			isa = PBXSourcesBuildPhase;
			buildActionMask = 2147483647;
			files = (
				FAA1D03720D063DC00809130 /* ViewController.swift in Sources */,
				FAA1D03320D063DC00809130 /* AppDelegate.swift in Sources */,
			);
			runOnlyForDeploymentPostprocessing = 0;
		};
/* End PBXSourcesBuildPhase section */

/* Begin PBXVariantGroup section */
		FAA1D03820D063DC00809130 /* Main.storyboard */ = {
			isa = PBXVariantGroup;
			children = (
				FAA1D03920D063DC00809130 /* Base */,
			);
			name = Main.storyboard;
			sourceTree = "<group>";
		};
		FAA1D03D20D063DD00809130 /* LaunchScreen.storyboard */ = {
			isa = PBXVariantGroup;
			children = (
				FAA1D03E20D063DD00809130 /* Base */,
			);
			name = LaunchScreen.storyboard;
			sourceTree = "<group>";
		};
/* End PBXVariantGroup section */

/* Begin XCBuildConfiguration section */
		FAA1D04120D063DD00809130 /* Debug */ = {
			isa = XCBuildConfiguration;
			buildSettings = {
				ALWAYS_SEARCH_USER_PATHS = NO;
				CLANG_ANALYZER_NONNULL = YES;
				CLANG_ANALYZER_NUMBER_OBJECT_CONVERSION = YES_AGGRESSIVE;
				CLANG_CXX_LANGUAGE_STANDARD = "gnu++14";
				CLANG_CXX_LIBRARY = "libc++";
				CLANG_ENABLE_MODULES = YES;
				CLANG_ENABLE_OBJC_ARC = YES;
				CLANG_ENABLE_OBJC_WEAK = YES;
				CLANG_WARN_BLOCK_CAPTURE_AUTORELEASING = YES;
				CLANG_WARN_BOOL_CONVERSION = YES;
				CLANG_WARN_COMMA = YES;
				CLANG_WARN_CONSTANT_CONVERSION = YES;
				CLANG_WARN_DEPRECATED_OBJC_IMPLEMENTATIONS = YES;
				CLANG_WARN_DIRECT_OBJC_ISA_USAGE = YES_ERROR;
				CLANG_WARN_DOCUMENTATION_COMMENTS = YES;
				CLANG_WARN_EMPTY_BODY = YES;
				CLANG_WARN_ENUM_CONVERSION = YES;
				CLANG_WARN_INFINITE_RECURSION = YES;
				CLANG_WARN_INT_CONVERSION = YES;
				CLANG_WARN_NON_LITERAL_NULL_CONVERSION = YES;
				CLANG_WARN_OBJC_IMPLICIT_RETAIN_SELF = YES;
				CLANG_WARN_OBJC_LITERAL_CONVERSION = YES;
				CLANG_WARN_OBJC_ROOT_CLASS = YES_ERROR;
				CLANG_WARN_RANGE_LOOP_ANALYSIS = YES;
				CLANG_WARN_STRICT_PROTOTYPES = YES;
				CLANG_WARN_SUSPICIOUS_MOVE = YES;
				CLANG_WARN_UNGUARDED_AVAILABILITY = YES_AGGRESSIVE;
				CLANG_WARN_UNREACHABLE_CODE = YES;
				CLANG_WARN__DUPLICATE_METHOD_MATCH = YES;
				CODE_SIGN_IDENTITY = "iPhone Developer";
				COPY_PHASE_STRIP = NO;
				DEBUG_INFORMATION_FORMAT = dwarf;
				ENABLE_STRICT_OBJC_MSGSEND = YES;
				ENABLE_TESTABILITY = YES;
				GCC_C_LANGUAGE_STANDARD = gnu11;
				GCC_DYNAMIC_NO_PIC = NO;
				GCC_NO_COMMON_BLOCKS = YES;
				GCC_OPTIMIZATION_LEVEL = 0;
				GCC_PREPROCESSOR_DEFINITIONS = (
					"DEBUG=1",
					"$(inherited)",
				);
				GCC_WARN_64_TO_32_BIT_CONVERSION = YES;
				GCC_WARN_ABOUT_RETURN_TYPE = YES_ERROR;
				GCC_WARN_UNDECLARED_SELECTOR = YES;
				GCC_WARN_UNINITIALIZED_AUTOS = YES_AGGRESSIVE;
				GCC_WARN_UNUSED_FUNCTION = YES;
				GCC_WARN_UNUSED_VARIABLE = YES;
				IPHONEOS_DEPLOYMENT_TARGET = 11.4;
				MTL_ENABLE_DEBUG_INFO = YES;
				ONLY_ACTIVE_ARCH = YES;
				SDKROOT = iphoneos;
				SWIFT_ACTIVE_COMPILATION_CONDITIONS = DEBUG;
				SWIFT_OPTIMIZATION_LEVEL = "-Onone";
			};
			name = Debug;
		};
		FAA1D04220D063DD00809130 /* Release */ = {
			isa = XCBuildConfiguration;
			buildSettings = {
				ALWAYS_SEARCH_USER_PATHS = NO;
				CLANG_ANALYZER_NONNULL = YES;
				CLANG_ANALYZER_NUMBER_OBJECT_CONVERSION = YES_AGGRESSIVE;
				CLANG_CXX_LANGUAGE_STANDARD = "gnu++14";
				CLANG_CXX_LIBRARY = "libc++";
				CLANG_ENABLE_MODULES = YES;
				CLANG_ENABLE_OBJC_ARC = YES;
				CLANG_ENABLE_OBJC_WEAK = YES;
				CLANG_WARN_BLOCK_CAPTURE_AUTORELEASING = YES;
				CLANG_WARN_BOOL_CONVERSION = YES;
				CLANG_WARN_COMMA = YES;
				CLANG_WARN_CONSTANT_CONVERSION = YES;
				CLANG_WARN_DEPRECATED_OBJC_IMPLEMENTATIONS = YES;
				CLANG_WARN_DIRECT_OBJC_ISA_USAGE = YES_ERROR;
				CLANG_WARN_DOCUMENTATION_COMMENTS = YES;
				CLANG_WARN_EMPTY_BODY = YES;
				CLANG_WARN_ENUM_CONVERSION = YES;
				CLANG_WARN_INFINITE_RECURSION = YES;
				CLANG_WARN_INT_CONVERSION = YES;
				CLANG_WARN_NON_LITERAL_NULL_CONVERSION = YES;
				CLANG_WARN_OBJC_IMPLICIT_RETAIN_SELF = YES;
				CLANG_WARN_OBJC_LITERAL_CONVERSION = YES;
				CLANG_WARN_OBJC_ROOT_CLASS = YES_ERROR;
				CLANG_WARN_RANGE_LOOP_ANALYSIS = YES;
				CLANG_WARN_STRICT_PROTOTYPES = YES;
				CLANG_WARN_SUSPICIOUS_MOVE = YES;
				CLANG_WARN_UNGUARDED_AVAILABILITY = YES_AGGRESSIVE;
				CLANG_WARN_UNREACHABLE_CODE = YES;
				CLANG_WARN__DUPLICATE_METHOD_MATCH = YES;
				CODE_SIGN_IDENTITY = "iPhone Developer";
				COPY_PHASE_STRIP = NO;
				DEBUG_INFORMATION_FORMAT = "dwarf-with-dsym";
				ENABLE_NS_ASSERTIONS = NO;
				ENABLE_STRICT_OBJC_MSGSEND = YES;
				GCC_C_LANGUAGE_STANDARD = gnu11;
				GCC_NO_COMMON_BLOCKS = YES;
				GCC_WARN_64_TO_32_BIT_CONVERSION = YES;
				GCC_WARN_ABOUT_RETURN_TYPE = YES_ERROR;
				GCC_WARN_UNDECLARED_SELECTOR = YES;
				GCC_WARN_UNINITIALIZED_AUTOS = YES_AGGRESSIVE;
				GCC_WARN_UNUSED_FUNCTION = YES;
				GCC_WARN_UNUSED_VARIABLE = YES;
				IPHONEOS_DEPLOYMENT_TARGET = 11.4;
				MTL_ENABLE_DEBUG_INFO = NO;
				SDKROOT = iphoneos;
				SWIFT_COMPILATION_MODE = wholemodule;
				SWIFT_OPTIMIZATION_LEVEL = "-O";
				VALIDATE_PRODUCT = YES;
			};
			name = Release;
		};
		FAA1D04420D063DD00809130 /* Debug */ = {
			isa = XCBuildConfiguration;
			buildSettings = {
				ASSETCATALOG_COMPILER_APPICON_NAME = AppIcon;
				CODE_SIGN_STYLE = Automatic;
				INFOPLIST_FILE = "IOS-Swift-ARKitNew3DModels/Info.plist";
				LD_RUNPATH_SEARCH_PATHS = (
					"$(inherited)",
					"@executable_path/Frameworks",
				);
				PRODUCT_BUNDLE_IDENTIFIER = "com.pooya.brain.dev.IOS-Swift-ARKitNew3DModels";
				PRODUCT_NAME = "$(TARGET_NAME)";
				SWIFT_VERSION = 4.0;
				TARGETED_DEVICE_FAMILY = "1,2";
			};
			name = Debug;
		};
		FAA1D04520D063DD00809130 /* Release */ = {
			isa = XCBuildConfiguration;
			buildSettings = {
				ASSETCATALOG_COMPILER_APPICON_NAME = AppIcon;
				CODE_SIGN_STYLE = Automatic;
				INFOPLIST_FILE = "IOS-Swift-ARKitNew3DModels/Info.plist";
				LD_RUNPATH_SEARCH_PATHS = (
					"$(inherited)",
					"@executable_path/Frameworks",
				);
				PRODUCT_BUNDLE_IDENTIFIER = "com.pooya.brain.dev.IOS-Swift-ARKitNew3DModels";
				PRODUCT_NAME = "$(TARGET_NAME)";
				SWIFT_VERSION = 4.0;
				TARGETED_DEVICE_FAMILY = "1,2";
			};
			name = Release;
		};
/* End XCBuildConfiguration section */

/* Begin XCConfigurationList section */
		FAA1D02A20D063DC00809130 /* Build configuration list for PBXProject "IOS-Swift-ARKitNew3DModels" */ = {
			isa = XCConfigurationList;
			buildConfigurations = (
				FAA1D04120D063DD00809130 /* Debug */,
				FAA1D04220D063DD00809130 /* Release */,
			);
			defaultConfigurationIsVisible = 0;
			defaultConfigurationName = Release;
		};
		FAA1D04320D063DD00809130 /* Build configuration list for PBXNativeTarget "IOS-Swift-ARKitNew3DModels" */ = {
			isa = XCConfigurationList;
			buildConfigurations = (
				FAA1D04420D063DD00809130 /* Debug */,
				FAA1D04520D063DD00809130 /* Release */,
			);
			defaultConfigurationIsVisible = 0;
			defaultConfigurationName = Release;
		};
/* End XCConfigurationList section */
	};
	rootObject = FAA1D02720D063DC00809130 /* Project object */;
}
